schema: '2.0'
stages:
  data_ingestion:
    cmd: python src/data_ingestion.py
    deps:
    - path: src/data_ingestion.py
      hash: md5
      md5: ca75eea7e9425469bfe1b275c2aa7c7d
      size: 1273
    outs:
    - path: data/raw
      hash: md5
      md5: f98f72bb534de5c9eab9ce48d97401f7.dir
      size: 1084363
      nfiles: 2
  data_preprocessing:
    cmd: python src/data_preprocessing.py
    deps:
    - path: data/raw
      hash: md5
      md5: f98f72bb534de5c9eab9ce48d97401f7.dir
      size: 1084363
      nfiles: 2
    - path: src/data_preprocessing.py
      hash: md5
      md5: 9a907ad6004b6ccf0674951508d1130e
      size: 3469
    outs:
    - path: data/processed
      hash: md5
      md5: c99554cc54c3324dfa6ea1cd737ce445.dir
      size: 840359
      nfiles: 2
  feature_engineering:
    cmd: python src/feature_engineering.py
    deps:
    - path: data/processed
      hash: md5
      md5: c99554cc54c3324dfa6ea1cd737ce445.dir
      size: 840359
      nfiles: 2
    - path: src/feature_engineering.py
      hash: md5
      md5: c2ae96f6cd93d7d8198d3e142792ad5a
      size: 2289
    outs:
    - path: data/features
      hash: md5
      md5: 5b8165c2e4c47437c174aa682869cadd.dir
      size: 2802603
      nfiles: 2
  model_building:
    cmd: python src/model_building.py
    deps:
    - path: data/features
      hash: md5
      md5: 5b8165c2e4c47437c174aa682869cadd.dir
      size: 2802603
      nfiles: 2
    - path: src/model_building.py
      hash: md5
      md5: 411797ce950a9c21f80de2d46e57a9f7
      size: 1354
    outs:
    - path: model.pkl
      hash: md5
      md5: c268183970856745a343878f30eb4bca
      size: 73659
  model_evaluation:
    cmd: python src/model_evaluation.py
    deps:
    - path: data/features/test_bow.csv
      hash: md5
      md5: 5626ed5c4a7d668b0fdcb2fcfb4d936d
      size: 420710
    - path: model.pkl
      hash: md5
      md5: c268183970856745a343878f30eb4bca
      size: 73659
    - path: src/model_evaluation.py
      hash: md5
      md5: f237b41330d77519c2f1face50849adb
      size: 1994
    outs:
    - path: metrics.json
      hash: md5
      md5: f64121873036a2c474f3b2fb01bcc5c8
      size: 145
