schema: '2.0'
stages:
  data_ingestion:
    cmd: python src/data_ingestion.py
    deps:
    - path: src/data_ingestion.py
      hash: md5
      md5: 05df3f6c740a567ff566baf0ea92ab4d
      size: 4213
    outs:
    - path: data/raw
      hash: md5
      md5: d4e911ee798fe6dfa02d60e9177a3822.dir
      size: 1006158
      nfiles: 2
  data_preprocessing:
    cmd: python src/data_preprocessing.py
    deps:
    - path: data/raw
      hash: md5
      md5: d4e911ee798fe6dfa02d60e9177a3822.dir
      size: 1006158
      nfiles: 2
    - path: src/data_preprocessing.py
      hash: md5
      md5: 7ac3098ff7b212056417eed02cff1033
      size: 6498
    outs:
    - path: data/processed
      hash: md5
      md5: 6e4c5863b08dbf011f92474c4268cd10.dir
      size: 693605
      nfiles: 2
  feature_engineering:
    cmd: python src/feature_engineering.py
    deps:
    - path: data/processed
      hash: md5
      md5: 6e4c5863b08dbf011f92474c4268cd10.dir
      size: 693605
      nfiles: 2
    - path: src/feature_engineering.py
      hash: md5
      md5: 1eacd80502bc229c251eeaeb2dbd7836
      size: 4534
    outs:
    - path: data/features
      hash: md5
      md5: f70762a4a05f2653355c83ab67bccec0.dir
      size: 2803077
      nfiles: 2
  model_building:
    cmd: python src/model_building.py
    deps:
    - path: data/features
      hash: md5
      md5: f70762a4a05f2653355c83ab67bccec0.dir
      size: 2803077
      nfiles: 2
    - path: src/model_building.py
      hash: md5
      md5: 7a2829be76d7afee38184d655896552c
      size: 3847
    outs:
    - path: model.pkl
      hash: md5
      md5: 4e724c021ce5d21f267c950dfe280343
      size: 73608
  model_evaluation:
    cmd: python src/model_evaluation.py
    deps:
    - path: data/features/test_bow.csv
      hash: md5
      md5: 893c2bbc4c893b8d5bd2065f5bab24b5
      size: 533003
    - path: model.pkl
      hash: md5
      md5: 4e724c021ce5d21f267c950dfe280343
      size: 73608
    - path: src/model_evaluation.py
      hash: md5
      md5: eb642077861e0c73ffd3d040f331ed85
      size: 4063
    outs:
    - path: metrics.json
      hash: md5
      md5: 80b2547af0491389407903d971626ed4
      size: 145
